
Microsoft Visual Studio Solution File, Format Version 12.00
# Visual Studio 15
VisualStudioVersion = 15.0.27703.2035
MinimumVisualStudioVersion = 10.0.40219.1
Project("{FAE04EC0-301F-11D3-BF4B-00C04F79EFBC}") = "MatchingGame", "MatchingGame\MatchingGame.csproj", "{89C8A048-2281-476D-B929-4A6811C2C313}"
EndProject
Global
	GlobalSection(SolutionConfigurationPlatforms) = preSolution
		Debug|Any CPU = Debug|Any CPU
		Release|Any CPU = Release|Any CPU
	EndGlobalSection
	GlobalSection(ProjectConfigurationPlatforms) = postSolution
		{89C8A048-2281-476D-B929-4A6811C2C313}.Debug|Any CPU.ActiveCfg = Debug|Any CPU
		{89C8A048-2281-476D-B929-4A6811C2C313}.Debug|Any CPU.Build.0 = Debug|Any CPU
		{89C8A048-2281-476D-B929-4A6811C2C313}.Release|Any CPU.ActiveCfg = Release|Any CPU
		{89C8A048-2281-476D-B929-4A6811C2C313}.Release|Any CPU.Build.0 = Release|Any CPU
	EndGlobalSection
	GlobalSection(SolutionProperties) = preSolution
		HideSolutionNode = FALSE
	EndGlobalSection
	GlobalSection(ExtensibilityGlobals) = postSolution
		SolutionGuid = {775543C2-9D83-40A9-A091-B34C4BC917BB}
	EndGlobalSection
EndGlobal
